
Microsoft Visual Studio Solution File, Format Version 12.00
# Visual Studio 15
VisualStudioVersion = 15.0.28010.2026
MinimumVisualStudioVersion = 10.0.40219.1
Project("{8BC9CEB8-8B4A-11D0-8D11-00A0C91BC942}") = "malloc-utils-test", "malloc-utils-test\malloc-utils-test.vcxproj", "{6DE36BC5-D667-4611-85E7-7F204EC3B475}"
EndProject
Global
	GlobalSection(SolutionConfigurationPlatforms) = preSolution
		Debug|x64 = Debug|x64
		Debug|x86 = Debug|x86
		Release|x64 = Release|x64
		Release|x86 = Release|x86
	EndGlobalSection
	GlobalSection(ProjectConfigurationPlatforms) = postSolution
		{6DE36BC5-D667-4611-85E7-7F204EC3B475}.Debug|x64.ActiveCfg = Debug|x64
		{6DE36BC5-D667-4611-85E7-7F204EC3B475}.Debug|x64.Build.0 = Debug|x64
		{6DE36BC5-D667-4611-85E7-7F204EC3B475}.Debug|x86.ActiveCfg = Debug|Win32
		{6DE36BC5-D667-4611-85E7-7F204EC3B475}.Debug|x86.Build.0 = Debug|Win32
		{6DE36BC5-D667-4611-85E7-7F204EC3B475}.Release|x64.ActiveCfg = Release|x64
		{6DE36BC5-D667-4611-85E7-7F204EC3B475}.Release|x64.Build.0 = Release|x64
		{6DE36BC5-D667-4611-85E7-7F204EC3B475}.Release|x86.ActiveCfg = Release|Win32
		{6DE36BC5-D667-4611-85E7-7F204EC3B475}.Release|x86.Build.0 = Release|Win32
	EndGlobalSection
	GlobalSection(SolutionProperties) = preSolution
		HideSolutionNode = FALSE
	EndGlobalSection
	GlobalSection(ExtensibilityGlobals) = postSolution
		SolutionGuid = {86A19A5A-373F-4DE0-A539-1BFFDFA85DBA}
	EndGlobalSection
EndGlobal
