
Microsoft Visual Studio Solution File, Format Version 12.00
# Visual Studio 15
VisualStudioVersion = 15.0.28010.2026
MinimumVisualStudioVersion = 10.0.40219.1
Project("{8BC9CEB8-8B4A-11D0-8D11-00A0C91BC942}") = "server", "server.vcxproj", "{54BC26BC-B427-4C21-9F47-3510EE0E824E}"
EndProject
Global
	GlobalSection(SolutionConfigurationPlatforms) = preSolution
		Debug|x64 = Debug|x64
		Debug|x86 = Debug|x86
		Release|x64 = Release|x64
		Release|x86 = Release|x86
	EndGlobalSection
	GlobalSection(ProjectConfigurationPlatforms) = postSolution
		{54BC26BC-B427-4C21-9F47-3510EE0E824E}.Debug|x64.ActiveCfg = Debug|x64
		{54BC26BC-B427-4C21-9F47-3510EE0E824E}.Debug|x64.Build.0 = Debug|x64
		{54BC26BC-B427-4C21-9F47-3510EE0E824E}.Debug|x86.ActiveCfg = Debug|Win32
		{54BC26BC-B427-4C21-9F47-3510EE0E824E}.Debug|x86.Build.0 = Debug|Win32
		{54BC26BC-B427-4C21-9F47-3510EE0E824E}.Release|x64.ActiveCfg = Release|x64
		{54BC26BC-B427-4C21-9F47-3510EE0E824E}.Release|x64.Build.0 = Release|x64
		{54BC26BC-B427-4C21-9F47-3510EE0E824E}.Release|x86.ActiveCfg = Release|Win32
		{54BC26BC-B427-4C21-9F47-3510EE0E824E}.Release|x86.Build.0 = Release|Win32
	EndGlobalSection
	GlobalSection(SolutionProperties) = preSolution
		HideSolutionNode = FALSE
	EndGlobalSection
	GlobalSection(ExtensibilityGlobals) = postSolution
		SolutionGuid = {AD5E08C5-9912-4977-8A31-20763D3F92FB}
	EndGlobalSection
EndGlobal
