
Microsoft Visual Studio Solution File, Format Version 12.00
# Visual Studio 15
VisualStudioVersion = 15.0.28010.2026
MinimumVisualStudioVersion = 10.0.40219.1
Project("{9A19103F-16F7-4668-BE54-9A1E7A4F7556}") = "mgen", "mgen\mgen.csproj", "{A3334E1C-2ED9-4B6E-99D8-529000B98B64}"
EndProject
Project("{FAE04EC0-301F-11D3-BF4B-00C04F79EFBC}") = "licensegen", "licensegen\licensegen.csproj", "{AFE6791A-CBAF-4236-9D79-44F9FC8F5077}"
EndProject
Global
	GlobalSection(SolutionConfigurationPlatforms) = preSolution
		Debug|Any CPU = Debug|Any CPU
		Release|Any CPU = Release|Any CPU
	EndGlobalSection
	GlobalSection(ProjectConfigurationPlatforms) = postSolution
		{A3334E1C-2ED9-4B6E-99D8-529000B98B64}.Debug|Any CPU.ActiveCfg = Debug|Any CPU
		{A3334E1C-2ED9-4B6E-99D8-529000B98B64}.Debug|Any CPU.Build.0 = Debug|Any CPU
		{A3334E1C-2ED9-4B6E-99D8-529000B98B64}.Release|Any CPU.ActiveCfg = Release|Any CPU
		{A3334E1C-2ED9-4B6E-99D8-529000B98B64}.Release|Any CPU.Build.0 = Release|Any CPU
		{AFE6791A-CBAF-4236-9D79-44F9FC8F5077}.Debug|Any CPU.ActiveCfg = Debug|Any CPU
		{AFE6791A-CBAF-4236-9D79-44F9FC8F5077}.Debug|Any CPU.Build.0 = Debug|Any CPU
		{AFE6791A-CBAF-4236-9D79-44F9FC8F5077}.Release|Any CPU.ActiveCfg = Release|Any CPU
		{AFE6791A-CBAF-4236-9D79-44F9FC8F5077}.Release|Any CPU.Build.0 = Release|Any CPU
	EndGlobalSection
	GlobalSection(SolutionProperties) = preSolution
		HideSolutionNode = FALSE
	EndGlobalSection
	GlobalSection(ExtensibilityGlobals) = postSolution
		SolutionGuid = {A31FF33D-1327-49ED-B52D-CA9889A093BA}
	EndGlobalSection
EndGlobal
