
Microsoft Visual Studio Solution File, Format Version 12.00
# Visual Studio 15
VisualStudioVersion = 15.0.28307.168
MinimumVisualStudioVersion = 10.0.40219.1
Project("{2150E333-8FDC-42A3-9474-1A3956D46DE8}") = "APIs", "APIs", "{FDD8058E-6975-4BB4-AE82-D8126B23F9ED}"
EndProject
Project("{2150E333-8FDC-42A3-9474-1A3956D46DE8}") = "Services", "Services", "{9797B1D8-D621-47F4-AF81-3FE9A9F75AE6}"
EndProject
Project("{2150E333-8FDC-42A3-9474-1A3956D46DE8}") = "Data", "Data", "{7E9C8FC7-A38E-404A-ABB1-0E68592F9F58}"
EndProject
Project("{2150E333-8FDC-42A3-9474-1A3956D46DE8}") = "Logic", "Logic", "{FD82E135-583B-4D38-BF51-DF787952B4E3}"
EndProject
Project("{9A19103F-16F7-4668-BE54-9A1E7A4F7556}") = "AuthAPI", "APIs\AuthAPI\AuthAPI.csproj", "{5683B8A3-373E-414A-A0D9-A6296C7E9DA9}"
EndProject
Project("{9A19103F-16F7-4668-BE54-9A1E7A4F7556}") = "DataAPI", "APIs\DataAPI\DataAPI.csproj", "{C1EFBB59-2E02-42C2-89E0-A37C933B6154}"
EndProject
Project("{9A19103F-16F7-4668-BE54-9A1E7A4F7556}") = "TycheDAL", "Data\TycheDAL\TycheDAL.csproj", "{BBE09300-5E03-459B-8CA8-F898976AC1D0}"
EndProject
Project("{9A19103F-16F7-4668-BE54-9A1E7A4F7556}") = "TycheBL", "Logic\TycheBL\TycheBL.csproj", "{D0FC48E1-87A9-479F-9FE3-3039543F4587}"
EndProject
Project("{9A19103F-16F7-4668-BE54-9A1E7A4F7556}") = "CodeGeneratorService", "Services\CodeGeneratorService\CodeGeneratorService.csproj", "{16139067-3B5C-4B22-A7D4-58C78197BCCB}"
EndProject
Project("{9A19103F-16F7-4668-BE54-9A1E7A4F7556}") = "LoggerService", "Services\LoggerService\LoggerService.csproj", "{D3258581-75FF-4E7B-AA78-58563AF4A71A}"
EndProject
Project("{9A19103F-16F7-4668-BE54-9A1E7A4F7556}") = "MailService", "Services\MailService\MailService.csproj", "{E58C22B5-663D-412C-B611-B5164A9AD530}"
EndProject
Project("{9A19103F-16F7-4668-BE54-9A1E7A4F7556}") = "PasswordHasherService", "Services\PasswordHasherService\PasswordHasherService.csproj", "{2FDD0B8B-44F8-4554-9836-7A39C2CE8947}"
EndProject
Project("{9A19103F-16F7-4668-BE54-9A1E7A4F7556}") = "TycheApiUtilities", "Services\TycheApiUtilities\TycheApiUtilities.csproj", "{1B0B7173-2775-4BA0-8D76-2243F5B597AF}"
EndProject
Project("{8BC9CEB8-8B4A-11D0-8D11-00A0C91BC942}") = "ChatAPI", "APIs\ChatAPI\ChatAPI.vcxproj", "{507D162D-C2E2-447B-ABFE-8F4C1732ED20}"
EndProject
Project("{00D1A9C2-B5F0-4AF3-8072-F6C62B433612}") = "TycheDB", "Data\TycheDB\TycheDB.sqlproj", "{ADC9FF16-A171-4175-82F9-9DC762AF8129}"
EndProject
Project("{2150E333-8FDC-42A3-9474-1A3956D46DE8}") = "Solution Items", "Solution Items", "{FB48A10B-8F16-4869-9815-ADFF5BC4990A}"
	ProjectSection(SolutionItems) = preProject
		license_ds.txt = license_ds.txt
		license_s.txt = license_s.txt
	EndProjectSection
EndProject
Global
	GlobalSection(SolutionConfigurationPlatforms) = preSolution
		Debug|Any CPU = Debug|Any CPU
		Debug|ARM = Debug|ARM
		Debug|ARM64 = Debug|ARM64
		Debug|x64 = Debug|x64
		Debug|x86 = Debug|x86
		Release|Any CPU = Release|Any CPU
		Release|ARM = Release|ARM
		Release|ARM64 = Release|ARM64
		Release|x64 = Release|x64
		Release|x86 = Release|x86
	EndGlobalSection
	GlobalSection(ProjectConfigurationPlatforms) = postSolution
		{5683B8A3-373E-414A-A0D9-A6296C7E9DA9}.Debug|Any CPU.ActiveCfg = Debug|Any CPU
		{5683B8A3-373E-414A-A0D9-A6296C7E9DA9}.Debug|Any CPU.Build.0 = Debug|Any CPU
		{5683B8A3-373E-414A-A0D9-A6296C7E9DA9}.Debug|ARM.ActiveCfg = Debug|Any CPU
		{5683B8A3-373E-414A-A0D9-A6296C7E9DA9}.Debug|ARM.Build.0 = Debug|Any CPU
		{5683B8A3-373E-414A-A0D9-A6296C7E9DA9}.Debug|ARM64.ActiveCfg = Debug|Any CPU
		{5683B8A3-373E-414A-A0D9-A6296C7E9DA9}.Debug|ARM64.Build.0 = Debug|Any CPU
		{5683B8A3-373E-414A-A0D9-A6296C7E9DA9}.Debug|x64.ActiveCfg = Debug|Any CPU
		{5683B8A3-373E-414A-A0D9-A6296C7E9DA9}.Debug|x64.Build.0 = Debug|Any CPU
		{5683B8A3-373E-414A-A0D9-A6296C7E9DA9}.Debug|x86.ActiveCfg = Debug|Any CPU
		{5683B8A3-373E-414A-A0D9-A6296C7E9DA9}.Debug|x86.Build.0 = Debug|Any CPU
		{5683B8A3-373E-414A-A0D9-A6296C7E9DA9}.Release|Any CPU.ActiveCfg = Release|Any CPU
		{5683B8A3-373E-414A-A0D9-A6296C7E9DA9}.Release|Any CPU.Build.0 = Release|Any CPU
		{5683B8A3-373E-414A-A0D9-A6296C7E9DA9}.Release|ARM.ActiveCfg = Release|Any CPU
		{5683B8A3-373E-414A-A0D9-A6296C7E9DA9}.Release|ARM.Build.0 = Release|Any CPU
		{5683B8A3-373E-414A-A0D9-A6296C7E9DA9}.Release|ARM64.ActiveCfg = Release|Any CPU
		{5683B8A3-373E-414A-A0D9-A6296C7E9DA9}.Release|ARM64.Build.0 = Release|Any CPU
		{5683B8A3-373E-414A-A0D9-A6296C7E9DA9}.Release|x64.ActiveCfg = Release|Any CPU
		{5683B8A3-373E-414A-A0D9-A6296C7E9DA9}.Release|x64.Build.0 = Release|Any CPU
		{5683B8A3-373E-414A-A0D9-A6296C7E9DA9}.Release|x86.ActiveCfg = Release|Any CPU
		{5683B8A3-373E-414A-A0D9-A6296C7E9DA9}.Release|x86.Build.0 = Release|Any CPU
		{C1EFBB59-2E02-42C2-89E0-A37C933B6154}.Debug|Any CPU.ActiveCfg = Debug|Any CPU
		{C1EFBB59-2E02-42C2-89E0-A37C933B6154}.Debug|Any CPU.Build.0 = Debug|Any CPU
		{C1EFBB59-2E02-42C2-89E0-A37C933B6154}.Debug|ARM.ActiveCfg = Debug|Any CPU
		{C1EFBB59-2E02-42C2-89E0-A37C933B6154}.Debug|ARM.Build.0 = Debug|Any CPU
		{C1EFBB59-2E02-42C2-89E0-A37C933B6154}.Debug|ARM64.ActiveCfg = Debug|Any CPU
		{C1EFBB59-2E02-42C2-89E0-A37C933B6154}.Debug|ARM64.Build.0 = Debug|Any CPU
		{C1EFBB59-2E02-42C2-89E0-A37C933B6154}.Debug|x64.ActiveCfg = Debug|Any CPU
		{C1EFBB59-2E02-42C2-89E0-A37C933B6154}.Debug|x64.Build.0 = Debug|Any CPU
		{C1EFBB59-2E02-42C2-89E0-A37C933B6154}.Debug|x86.ActiveCfg = Debug|Any CPU
		{C1EFBB59-2E02-42C2-89E0-A37C933B6154}.Debug|x86.Build.0 = Debug|Any CPU
		{C1EFBB59-2E02-42C2-89E0-A37C933B6154}.Release|Any CPU.ActiveCfg = Release|Any CPU
		{C1EFBB59-2E02-42C2-89E0-A37C933B6154}.Release|Any CPU.Build.0 = Release|Any CPU
		{C1EFBB59-2E02-42C2-89E0-A37C933B6154}.Release|ARM.ActiveCfg = Release|Any CPU
		{C1EFBB59-2E02-42C2-89E0-A37C933B6154}.Release|ARM.Build.0 = Release|Any CPU
		{C1EFBB59-2E02-42C2-89E0-A37C933B6154}.Release|ARM64.ActiveCfg = Release|Any CPU
		{C1EFBB59-2E02-42C2-89E0-A37C933B6154}.Release|ARM64.Build.0 = Release|Any CPU
		{C1EFBB59-2E02-42C2-89E0-A37C933B6154}.Release|x64.ActiveCfg = Release|Any CPU
		{C1EFBB59-2E02-42C2-89E0-A37C933B6154}.Release|x64.Build.0 = Release|Any CPU
		{C1EFBB59-2E02-42C2-89E0-A37C933B6154}.Release|x86.ActiveCfg = Release|Any CPU
		{C1EFBB59-2E02-42C2-89E0-A37C933B6154}.Release|x86.Build.0 = Release|Any CPU
		{BBE09300-5E03-459B-8CA8-F898976AC1D0}.Debug|Any CPU.ActiveCfg = Debug|Any CPU
		{BBE09300-5E03-459B-8CA8-F898976AC1D0}.Debug|Any CPU.Build.0 = Debug|Any CPU
		{BBE09300-5E03-459B-8CA8-F898976AC1D0}.Debug|ARM.ActiveCfg = Debug|Any CPU
		{BBE09300-5E03-459B-8CA8-F898976AC1D0}.Debug|ARM.Build.0 = Debug|Any CPU
		{BBE09300-5E03-459B-8CA8-F898976AC1D0}.Debug|ARM64.ActiveCfg = Debug|Any CPU
		{BBE09300-5E03-459B-8CA8-F898976AC1D0}.Debug|ARM64.Build.0 = Debug|Any CPU
		{BBE09300-5E03-459B-8CA8-F898976AC1D0}.Debug|x64.ActiveCfg = Debug|Any CPU
		{BBE09300-5E03-459B-8CA8-F898976AC1D0}.Debug|x64.Build.0 = Debug|Any CPU
		{BBE09300-5E03-459B-8CA8-F898976AC1D0}.Debug|x86.ActiveCfg = Debug|Any CPU
		{BBE09300-5E03-459B-8CA8-F898976AC1D0}.Debug|x86.Build.0 = Debug|Any CPU
		{BBE09300-5E03-459B-8CA8-F898976AC1D0}.Release|Any CPU.ActiveCfg = Release|Any CPU
		{BBE09300-5E03-459B-8CA8-F898976AC1D0}.Release|Any CPU.Build.0 = Release|Any CPU
		{BBE09300-5E03-459B-8CA8-F898976AC1D0}.Release|ARM.ActiveCfg = Release|Any CPU
		{BBE09300-5E03-459B-8CA8-F898976AC1D0}.Release|ARM.Build.0 = Release|Any CPU
		{BBE09300-5E03-459B-8CA8-F898976AC1D0}.Release|ARM64.ActiveCfg = Release|Any CPU
		{BBE09300-5E03-459B-8CA8-F898976AC1D0}.Release|ARM64.Build.0 = Release|Any CPU
		{BBE09300-5E03-459B-8CA8-F898976AC1D0}.Release|x64.ActiveCfg = Release|Any CPU
		{BBE09300-5E03-459B-8CA8-F898976AC1D0}.Release|x64.Build.0 = Release|Any CPU
		{BBE09300-5E03-459B-8CA8-F898976AC1D0}.Release|x86.ActiveCfg = Release|Any CPU
		{BBE09300-5E03-459B-8CA8-F898976AC1D0}.Release|x86.Build.0 = Release|Any CPU
		{D0FC48E1-87A9-479F-9FE3-3039543F4587}.Debug|Any CPU.ActiveCfg = Debug|Any CPU
		{D0FC48E1-87A9-479F-9FE3-3039543F4587}.Debug|Any CPU.Build.0 = Debug|Any CPU
		{D0FC48E1-87A9-479F-9FE3-3039543F4587}.Debug|ARM.ActiveCfg = Debug|Any CPU
		{D0FC48E1-87A9-479F-9FE3-3039543F4587}.Debug|ARM.Build.0 = Debug|Any CPU
		{D0FC48E1-87A9-479F-9FE3-3039543F4587}.Debug|ARM64.ActiveCfg = Debug|Any CPU
		{D0FC48E1-87A9-479F-9FE3-3039543F4587}.Debug|ARM64.Build.0 = Debug|Any CPU
		{D0FC48E1-87A9-479F-9FE3-3039543F4587}.Debug|x64.ActiveCfg = Debug|Any CPU
		{D0FC48E1-87A9-479F-9FE3-3039543F4587}.Debug|x64.Build.0 = Debug|Any CPU
		{D0FC48E1-87A9-479F-9FE3-3039543F4587}.Debug|x86.ActiveCfg = Debug|Any CPU
		{D0FC48E1-87A9-479F-9FE3-3039543F4587}.Debug|x86.Build.0 = Debug|Any CPU
		{D0FC48E1-87A9-479F-9FE3-3039543F4587}.Release|Any CPU.ActiveCfg = Release|Any CPU
		{D0FC48E1-87A9-479F-9FE3-3039543F4587}.Release|Any CPU.Build.0 = Release|Any CPU
		{D0FC48E1-87A9-479F-9FE3-3039543F4587}.Release|ARM.ActiveCfg = Release|Any CPU
		{D0FC48E1-87A9-479F-9FE3-3039543F4587}.Release|ARM.Build.0 = Release|Any CPU
		{D0FC48E1-87A9-479F-9FE3-3039543F4587}.Release|ARM64.ActiveCfg = Release|Any CPU
		{D0FC48E1-87A9-479F-9FE3-3039543F4587}.Release|ARM64.Build.0 = Release|Any CPU
		{D0FC48E1-87A9-479F-9FE3-3039543F4587}.Release|x64.ActiveCfg = Release|Any CPU
		{D0FC48E1-87A9-479F-9FE3-3039543F4587}.Release|x64.Build.0 = Release|Any CPU
		{D0FC48E1-87A9-479F-9FE3-3039543F4587}.Release|x86.ActiveCfg = Release|Any CPU
		{D0FC48E1-87A9-479F-9FE3-3039543F4587}.Release|x86.Build.0 = Release|Any CPU
		{16139067-3B5C-4B22-A7D4-58C78197BCCB}.Debug|Any CPU.ActiveCfg = Debug|Any CPU
		{16139067-3B5C-4B22-A7D4-58C78197BCCB}.Debug|Any CPU.Build.0 = Debug|Any CPU
		{16139067-3B5C-4B22-A7D4-58C78197BCCB}.Debug|ARM.ActiveCfg = Debug|Any CPU
		{16139067-3B5C-4B22-A7D4-58C78197BCCB}.Debug|ARM.Build.0 = Debug|Any CPU
		{16139067-3B5C-4B22-A7D4-58C78197BCCB}.Debug|ARM64.ActiveCfg = Debug|Any CPU
		{16139067-3B5C-4B22-A7D4-58C78197BCCB}.Debug|ARM64.Build.0 = Debug|Any CPU
		{16139067-3B5C-4B22-A7D4-58C78197BCCB}.Debug|x64.ActiveCfg = Debug|Any CPU
		{16139067-3B5C-4B22-A7D4-58C78197BCCB}.Debug|x64.Build.0 = Debug|Any CPU
		{16139067-3B5C-4B22-A7D4-58C78197BCCB}.Debug|x86.ActiveCfg = Debug|Any CPU
		{16139067-3B5C-4B22-A7D4-58C78197BCCB}.Debug|x86.Build.0 = Debug|Any CPU
		{16139067-3B5C-4B22-A7D4-58C78197BCCB}.Release|Any CPU.ActiveCfg = Release|Any CPU
		{16139067-3B5C-4B22-A7D4-58C78197BCCB}.Release|Any CPU.Build.0 = Release|Any CPU
		{16139067-3B5C-4B22-A7D4-58C78197BCCB}.Release|ARM.ActiveCfg = Release|Any CPU
		{16139067-3B5C-4B22-A7D4-58C78197BCCB}.Release|ARM.Build.0 = Release|Any CPU
		{16139067-3B5C-4B22-A7D4-58C78197BCCB}.Release|ARM64.ActiveCfg = Release|Any CPU
		{16139067-3B5C-4B22-A7D4-58C78197BCCB}.Release|ARM64.Build.0 = Release|Any CPU
		{16139067-3B5C-4B22-A7D4-58C78197BCCB}.Release|x64.ActiveCfg = Release|Any CPU
		{16139067-3B5C-4B22-A7D4-58C78197BCCB}.Release|x64.Build.0 = Release|Any CPU
		{16139067-3B5C-4B22-A7D4-58C78197BCCB}.Release|x86.ActiveCfg = Release|Any CPU
		{16139067-3B5C-4B22-A7D4-58C78197BCCB}.Release|x86.Build.0 = Release|Any CPU
		{D3258581-75FF-4E7B-AA78-58563AF4A71A}.Debug|Any CPU.ActiveCfg = Debug|Any CPU
		{D3258581-75FF-4E7B-AA78-58563AF4A71A}.Debug|Any CPU.Build.0 = Debug|Any CPU
		{D3258581-75FF-4E7B-AA78-58563AF4A71A}.Debug|ARM.ActiveCfg = Debug|Any CPU
		{D3258581-75FF-4E7B-AA78-58563AF4A71A}.Debug|ARM.Build.0 = Debug|Any CPU
		{D3258581-75FF-4E7B-AA78-58563AF4A71A}.Debug|ARM64.ActiveCfg = Debug|Any CPU
		{D3258581-75FF-4E7B-AA78-58563AF4A71A}.Debug|ARM64.Build.0 = Debug|Any CPU
		{D3258581-75FF-4E7B-AA78-58563AF4A71A}.Debug|x64.ActiveCfg = Debug|Any CPU
		{D3258581-75FF-4E7B-AA78-58563AF4A71A}.Debug|x64.Build.0 = Debug|Any CPU
		{D3258581-75FF-4E7B-AA78-58563AF4A71A}.Debug|x86.ActiveCfg = Debug|Any CPU
		{D3258581-75FF-4E7B-AA78-58563AF4A71A}.Debug|x86.Build.0 = Debug|Any CPU
		{D3258581-75FF-4E7B-AA78-58563AF4A71A}.Release|Any CPU.ActiveCfg = Release|Any CPU
		{D3258581-75FF-4E7B-AA78-58563AF4A71A}.Release|Any CPU.Build.0 = Release|Any CPU
		{D3258581-75FF-4E7B-AA78-58563AF4A71A}.Release|ARM.ActiveCfg = Release|Any CPU
		{D3258581-75FF-4E7B-AA78-58563AF4A71A}.Release|ARM.Build.0 = Release|Any CPU
		{D3258581-75FF-4E7B-AA78-58563AF4A71A}.Release|ARM64.ActiveCfg = Release|Any CPU
		{D3258581-75FF-4E7B-AA78-58563AF4A71A}.Release|ARM64.Build.0 = Release|Any CPU
		{D3258581-75FF-4E7B-AA78-58563AF4A71A}.Release|x64.ActiveCfg = Release|Any CPU
		{D3258581-75FF-4E7B-AA78-58563AF4A71A}.Release|x64.Build.0 = Release|Any CPU
		{D3258581-75FF-4E7B-AA78-58563AF4A71A}.Release|x86.ActiveCfg = Release|Any CPU
		{D3258581-75FF-4E7B-AA78-58563AF4A71A}.Release|x86.Build.0 = Release|Any CPU
		{E58C22B5-663D-412C-B611-B5164A9AD530}.Debug|Any CPU.ActiveCfg = Debug|Any CPU
		{E58C22B5-663D-412C-B611-B5164A9AD530}.Debug|Any CPU.Build.0 = Debug|Any CPU
		{E58C22B5-663D-412C-B611-B5164A9AD530}.Debug|ARM.ActiveCfg = Debug|Any CPU
		{E58C22B5-663D-412C-B611-B5164A9AD530}.Debug|ARM.Build.0 = Debug|Any CPU
		{E58C22B5-663D-412C-B611-B5164A9AD530}.Debug|ARM64.ActiveCfg = Debug|Any CPU
		{E58C22B5-663D-412C-B611-B5164A9AD530}.Debug|ARM64.Build.0 = Debug|Any CPU
		{E58C22B5-663D-412C-B611-B5164A9AD530}.Debug|x64.ActiveCfg = Debug|Any CPU
		{E58C22B5-663D-412C-B611-B5164A9AD530}.Debug|x64.Build.0 = Debug|Any CPU
		{E58C22B5-663D-412C-B611-B5164A9AD530}.Debug|x86.ActiveCfg = Debug|Any CPU
		{E58C22B5-663D-412C-B611-B5164A9AD530}.Debug|x86.Build.0 = Debug|Any CPU
		{E58C22B5-663D-412C-B611-B5164A9AD530}.Release|Any CPU.ActiveCfg = Release|Any CPU
		{E58C22B5-663D-412C-B611-B5164A9AD530}.Release|Any CPU.Build.0 = Release|Any CPU
		{E58C22B5-663D-412C-B611-B5164A9AD530}.Release|ARM.ActiveCfg = Release|Any CPU
		{E58C22B5-663D-412C-B611-B5164A9AD530}.Release|ARM.Build.0 = Release|Any CPU
		{E58C22B5-663D-412C-B611-B5164A9AD530}.Release|ARM64.ActiveCfg = Release|Any CPU
		{E58C22B5-663D-412C-B611-B5164A9AD530}.Release|ARM64.Build.0 = Release|Any CPU
		{E58C22B5-663D-412C-B611-B5164A9AD530}.Release|x64.ActiveCfg = Release|Any CPU
		{E58C22B5-663D-412C-B611-B5164A9AD530}.Release|x64.Build.0 = Release|Any CPU
		{E58C22B5-663D-412C-B611-B5164A9AD530}.Release|x86.ActiveCfg = Release|Any CPU
		{E58C22B5-663D-412C-B611-B5164A9AD530}.Release|x86.Build.0 = Release|Any CPU
		{2FDD0B8B-44F8-4554-9836-7A39C2CE8947}.Debug|Any CPU.ActiveCfg = Debug|Any CPU
		{2FDD0B8B-44F8-4554-9836-7A39C2CE8947}.Debug|Any CPU.Build.0 = Debug|Any CPU
		{2FDD0B8B-44F8-4554-9836-7A39C2CE8947}.Debug|ARM.ActiveCfg = Debug|Any CPU
		{2FDD0B8B-44F8-4554-9836-7A39C2CE8947}.Debug|ARM.Build.0 = Debug|Any CPU
		{2FDD0B8B-44F8-4554-9836-7A39C2CE8947}.Debug|ARM64.ActiveCfg = Debug|Any CPU
		{2FDD0B8B-44F8-4554-9836-7A39C2CE8947}.Debug|ARM64.Build.0 = Debug|Any CPU
		{2FDD0B8B-44F8-4554-9836-7A39C2CE8947}.Debug|x64.ActiveCfg = Debug|Any CPU
		{2FDD0B8B-44F8-4554-9836-7A39C2CE8947}.Debug|x64.Build.0 = Debug|Any CPU
		{2FDD0B8B-44F8-4554-9836-7A39C2CE8947}.Debug|x86.ActiveCfg = Debug|Any CPU
		{2FDD0B8B-44F8-4554-9836-7A39C2CE8947}.Debug|x86.Build.0 = Debug|Any CPU
		{2FDD0B8B-44F8-4554-9836-7A39C2CE8947}.Release|Any CPU.ActiveCfg = Release|Any CPU
		{2FDD0B8B-44F8-4554-9836-7A39C2CE8947}.Release|Any CPU.Build.0 = Release|Any CPU
		{2FDD0B8B-44F8-4554-9836-7A39C2CE8947}.Release|ARM.ActiveCfg = Release|Any CPU
		{2FDD0B8B-44F8-4554-9836-7A39C2CE8947}.Release|ARM.Build.0 = Release|Any CPU
		{2FDD0B8B-44F8-4554-9836-7A39C2CE8947}.Release|ARM64.ActiveCfg = Release|Any CPU
		{2FDD0B8B-44F8-4554-9836-7A39C2CE8947}.Release|ARM64.Build.0 = Release|Any CPU
		{2FDD0B8B-44F8-4554-9836-7A39C2CE8947}.Release|x64.ActiveCfg = Release|Any CPU
		{2FDD0B8B-44F8-4554-9836-7A39C2CE8947}.Release|x64.Build.0 = Release|Any CPU
		{2FDD0B8B-44F8-4554-9836-7A39C2CE8947}.Release|x86.ActiveCfg = Release|Any CPU
		{2FDD0B8B-44F8-4554-9836-7A39C2CE8947}.Release|x86.Build.0 = Release|Any CPU
		{1B0B7173-2775-4BA0-8D76-2243F5B597AF}.Debug|Any CPU.ActiveCfg = Debug|Any CPU
		{1B0B7173-2775-4BA0-8D76-2243F5B597AF}.Debug|Any CPU.Build.0 = Debug|Any CPU
		{1B0B7173-2775-4BA0-8D76-2243F5B597AF}.Debug|ARM.ActiveCfg = Debug|Any CPU
		{1B0B7173-2775-4BA0-8D76-2243F5B597AF}.Debug|ARM.Build.0 = Debug|Any CPU
		{1B0B7173-2775-4BA0-8D76-2243F5B597AF}.Debug|ARM64.ActiveCfg = Debug|Any CPU
		{1B0B7173-2775-4BA0-8D76-2243F5B597AF}.Debug|ARM64.Build.0 = Debug|Any CPU
		{1B0B7173-2775-4BA0-8D76-2243F5B597AF}.Debug|x64.ActiveCfg = Debug|Any CPU
		{1B0B7173-2775-4BA0-8D76-2243F5B597AF}.Debug|x64.Build.0 = Debug|Any CPU
		{1B0B7173-2775-4BA0-8D76-2243F5B597AF}.Debug|x86.ActiveCfg = Debug|Any CPU
		{1B0B7173-2775-4BA0-8D76-2243F5B597AF}.Debug|x86.Build.0 = Debug|Any CPU
		{1B0B7173-2775-4BA0-8D76-2243F5B597AF}.Release|Any CPU.ActiveCfg = Release|Any CPU
		{1B0B7173-2775-4BA0-8D76-2243F5B597AF}.Release|Any CPU.Build.0 = Release|Any CPU
		{1B0B7173-2775-4BA0-8D76-2243F5B597AF}.Release|ARM.ActiveCfg = Release|Any CPU
		{1B0B7173-2775-4BA0-8D76-2243F5B597AF}.Release|ARM.Build.0 = Release|Any CPU
		{1B0B7173-2775-4BA0-8D76-2243F5B597AF}.Release|ARM64.ActiveCfg = Release|Any CPU
		{1B0B7173-2775-4BA0-8D76-2243F5B597AF}.Release|ARM64.Build.0 = Release|Any CPU
		{1B0B7173-2775-4BA0-8D76-2243F5B597AF}.Release|x64.ActiveCfg = Release|Any CPU
		{1B0B7173-2775-4BA0-8D76-2243F5B597AF}.Release|x64.Build.0 = Release|Any CPU
		{1B0B7173-2775-4BA0-8D76-2243F5B597AF}.Release|x86.ActiveCfg = Release|Any CPU
		{1B0B7173-2775-4BA0-8D76-2243F5B597AF}.Release|x86.Build.0 = Release|Any CPU
		{507D162D-C2E2-447B-ABFE-8F4C1732ED20}.Debug|Any CPU.ActiveCfg = Debug|x86
		{507D162D-C2E2-447B-ABFE-8F4C1732ED20}.Debug|ARM.ActiveCfg = Debug|ARM
		{507D162D-C2E2-447B-ABFE-8F4C1732ED20}.Debug|ARM.Build.0 = Debug|ARM
		{507D162D-C2E2-447B-ABFE-8F4C1732ED20}.Debug|ARM64.ActiveCfg = Debug|ARM64
		{507D162D-C2E2-447B-ABFE-8F4C1732ED20}.Debug|ARM64.Build.0 = Debug|ARM64
		{507D162D-C2E2-447B-ABFE-8F4C1732ED20}.Debug|x64.ActiveCfg = Debug|x64
		{507D162D-C2E2-447B-ABFE-8F4C1732ED20}.Debug|x64.Build.0 = Debug|x64
		{507D162D-C2E2-447B-ABFE-8F4C1732ED20}.Debug|x86.ActiveCfg = Debug|x86
		{507D162D-C2E2-447B-ABFE-8F4C1732ED20}.Debug|x86.Build.0 = Debug|x86
		{507D162D-C2E2-447B-ABFE-8F4C1732ED20}.Release|Any CPU.ActiveCfg = Release|x86
		{507D162D-C2E2-447B-ABFE-8F4C1732ED20}.Release|ARM.ActiveCfg = Release|ARM
		{507D162D-C2E2-447B-ABFE-8F4C1732ED20}.Release|ARM.Build.0 = Release|ARM
		{507D162D-C2E2-447B-ABFE-8F4C1732ED20}.Release|ARM64.ActiveCfg = Release|ARM64
		{507D162D-C2E2-447B-ABFE-8F4C1732ED20}.Release|ARM64.Build.0 = Release|ARM64
		{507D162D-C2E2-447B-ABFE-8F4C1732ED20}.Release|x64.ActiveCfg = Release|x64
		{507D162D-C2E2-447B-ABFE-8F4C1732ED20}.Release|x64.Build.0 = Release|x64
		{507D162D-C2E2-447B-ABFE-8F4C1732ED20}.Release|x86.ActiveCfg = Release|x86
		{507D162D-C2E2-447B-ABFE-8F4C1732ED20}.Release|x86.Build.0 = Release|x86
		{ADC9FF16-A171-4175-82F9-9DC762AF8129}.Debug|Any CPU.ActiveCfg = Debug|Any CPU
		{ADC9FF16-A171-4175-82F9-9DC762AF8129}.Debug|Any CPU.Build.0 = Debug|Any CPU
		{ADC9FF16-A171-4175-82F9-9DC762AF8129}.Debug|Any CPU.Deploy.0 = Debug|Any CPU
		{ADC9FF16-A171-4175-82F9-9DC762AF8129}.Debug|ARM.ActiveCfg = Debug|Any CPU
		{ADC9FF16-A171-4175-82F9-9DC762AF8129}.Debug|ARM.Build.0 = Debug|Any CPU
		{ADC9FF16-A171-4175-82F9-9DC762AF8129}.Debug|ARM.Deploy.0 = Debug|Any CPU
		{ADC9FF16-A171-4175-82F9-9DC762AF8129}.Debug|ARM64.ActiveCfg = Debug|Any CPU
		{ADC9FF16-A171-4175-82F9-9DC762AF8129}.Debug|ARM64.Build.0 = Debug|Any CPU
		{ADC9FF16-A171-4175-82F9-9DC762AF8129}.Debug|ARM64.Deploy.0 = Debug|Any CPU
		{ADC9FF16-A171-4175-82F9-9DC762AF8129}.Debug|x64.ActiveCfg = Debug|Any CPU
		{ADC9FF16-A171-4175-82F9-9DC762AF8129}.Debug|x64.Build.0 = Debug|Any CPU
		{ADC9FF16-A171-4175-82F9-9DC762AF8129}.Debug|x64.Deploy.0 = Debug|Any CPU
		{ADC9FF16-A171-4175-82F9-9DC762AF8129}.Debug|x86.ActiveCfg = Debug|Any CPU
		{ADC9FF16-A171-4175-82F9-9DC762AF8129}.Debug|x86.Build.0 = Debug|Any CPU
		{ADC9FF16-A171-4175-82F9-9DC762AF8129}.Debug|x86.Deploy.0 = Debug|Any CPU
		{ADC9FF16-A171-4175-82F9-9DC762AF8129}.Release|Any CPU.ActiveCfg = Release|Any CPU
		{ADC9FF16-A171-4175-82F9-9DC762AF8129}.Release|Any CPU.Build.0 = Release|Any CPU
		{ADC9FF16-A171-4175-82F9-9DC762AF8129}.Release|Any CPU.Deploy.0 = Release|Any CPU
		{ADC9FF16-A171-4175-82F9-9DC762AF8129}.Release|ARM.ActiveCfg = Release|Any CPU
		{ADC9FF16-A171-4175-82F9-9DC762AF8129}.Release|ARM.Build.0 = Release|Any CPU
		{ADC9FF16-A171-4175-82F9-9DC762AF8129}.Release|ARM.Deploy.0 = Release|Any CPU
		{ADC9FF16-A171-4175-82F9-9DC762AF8129}.Release|ARM64.ActiveCfg = Release|Any CPU
		{ADC9FF16-A171-4175-82F9-9DC762AF8129}.Release|ARM64.Build.0 = Release|Any CPU
		{ADC9FF16-A171-4175-82F9-9DC762AF8129}.Release|ARM64.Deploy.0 = Release|Any CPU
		{ADC9FF16-A171-4175-82F9-9DC762AF8129}.Release|x64.ActiveCfg = Release|Any CPU
		{ADC9FF16-A171-4175-82F9-9DC762AF8129}.Release|x64.Build.0 = Release|Any CPU
		{ADC9FF16-A171-4175-82F9-9DC762AF8129}.Release|x64.Deploy.0 = Release|Any CPU
		{ADC9FF16-A171-4175-82F9-9DC762AF8129}.Release|x86.ActiveCfg = Release|Any CPU
		{ADC9FF16-A171-4175-82F9-9DC762AF8129}.Release|x86.Build.0 = Release|Any CPU
		{ADC9FF16-A171-4175-82F9-9DC762AF8129}.Release|x86.Deploy.0 = Release|Any CPU
	EndGlobalSection
	GlobalSection(SolutionProperties) = preSolution
		HideSolutionNode = FALSE
	EndGlobalSection
	GlobalSection(NestedProjects) = preSolution
		{5683B8A3-373E-414A-A0D9-A6296C7E9DA9} = {FDD8058E-6975-4BB4-AE82-D8126B23F9ED}
		{C1EFBB59-2E02-42C2-89E0-A37C933B6154} = {FDD8058E-6975-4BB4-AE82-D8126B23F9ED}
		{BBE09300-5E03-459B-8CA8-F898976AC1D0} = {7E9C8FC7-A38E-404A-ABB1-0E68592F9F58}
		{D0FC48E1-87A9-479F-9FE3-3039543F4587} = {FD82E135-583B-4D38-BF51-DF787952B4E3}
		{16139067-3B5C-4B22-A7D4-58C78197BCCB} = {9797B1D8-D621-47F4-AF81-3FE9A9F75AE6}
		{D3258581-75FF-4E7B-AA78-58563AF4A71A} = {9797B1D8-D621-47F4-AF81-3FE9A9F75AE6}
		{E58C22B5-663D-412C-B611-B5164A9AD530} = {9797B1D8-D621-47F4-AF81-3FE9A9F75AE6}
		{2FDD0B8B-44F8-4554-9836-7A39C2CE8947} = {9797B1D8-D621-47F4-AF81-3FE9A9F75AE6}
		{1B0B7173-2775-4BA0-8D76-2243F5B597AF} = {9797B1D8-D621-47F4-AF81-3FE9A9F75AE6}
		{507D162D-C2E2-447B-ABFE-8F4C1732ED20} = {FDD8058E-6975-4BB4-AE82-D8126B23F9ED}
		{ADC9FF16-A171-4175-82F9-9DC762AF8129} = {7E9C8FC7-A38E-404A-ABB1-0E68592F9F58}
	EndGlobalSection
	GlobalSection(ExtensibilityGlobals) = postSolution
		SolutionGuid = {A9DFD39C-CEA4-4C1E-AE9A-4F3218C607B5}
	EndGlobalSection
EndGlobal
