
Microsoft Visual Studio Solution File, Format Version 12.00
# Visual Studio 15
VisualStudioVersion = 15.0.28307.421
MinimumVisualStudioVersion = 10.0.40219.1
Project("{9A19103F-16F7-4668-BE54-9A1E7A4F7556}") = "AuthAPI", "AuthAPI\AuthAPI.csproj", "{A3E26A48-7730-4911-A572-94122FA4C74A}"
EndProject
Project("{9A19103F-16F7-4668-BE54-9A1E7A4F7556}") = "CodeGeneratorService", "CodeGeneratorService\CodeGeneratorService.csproj", "{79BB07DC-57C5-480A-A2CA-AD476ADFBF7C}"
EndProject
Project("{9A19103F-16F7-4668-BE54-9A1E7A4F7556}") = "LoggerService", "LoggerService\LoggerService.csproj", "{BCB7978C-D465-4D2B-A2AD-669816DF5D5D}"
EndProject
Project("{9A19103F-16F7-4668-BE54-9A1E7A4F7556}") = "MailService", "MailService\MailService.csproj", "{566EECD1-57C1-409A-8181-B506AF7BA3B1}"
EndProject
Project("{9A19103F-16F7-4668-BE54-9A1E7A4F7556}") = "PasswordHasherService", "PasswordHasherService\PasswordHasherService.csproj", "{9DC01382-7FFC-40D2-8563-352DB287B8C2}"
EndProject
Project("{00D1A9C2-B5F0-4AF3-8072-F6C62B433612}") = "Scripts", "scripts\Scripts.sqlproj", "{ADC9FF16-A171-4175-82F9-9DC762AF8129}"
EndProject
Project("{9A19103F-16F7-4668-BE54-9A1E7A4F7556}") = "TycheBL", "TycheBL\TycheBL.csproj", "{9CF94458-35C0-4148-A5E6-534A26E7F56B}"
EndProject
Project("{9A19103F-16F7-4668-BE54-9A1E7A4F7556}") = "TycheDAL", "TycheDAL\TycheDAL.csproj", "{477CE862-6D11-40BA-ABE1-AF8F0AD79A9F}"
EndProject
Project("{2150E333-8FDC-42A3-9474-1A3956D46DE8}") = "APIs", "APIs", "{FDD8058E-6975-4BB4-AE82-D8126B23F9ED}"
EndProject
Project("{2150E333-8FDC-42A3-9474-1A3956D46DE8}") = "Services", "Services", "{9797B1D8-D621-47F4-AF81-3FE9A9F75AE6}"
EndProject
Project("{2150E333-8FDC-42A3-9474-1A3956D46DE8}") = "Data", "Data", "{7E9C8FC7-A38E-404A-ABB1-0E68592F9F58}"
EndProject
Project("{2150E333-8FDC-42A3-9474-1A3956D46DE8}") = "Logic", "Logic", "{FD82E135-583B-4D38-BF51-DF787952B4E3}"
EndProject
Project("{9A19103F-16F7-4668-BE54-9A1E7A4F7556}") = "TycheApiUtilities", "TycheApiUtilities\TycheApiUtilities.csproj", "{F93D15BD-F611-43B3-8A88-BD7098F82844}"
EndProject
Project("{9A19103F-16F7-4668-BE54-9A1E7A4F7556}") = "DataAPI", "DataAPI\DataAPI.csproj", "{C9D5B63A-97EF-4149-8082-547E0AD1C6A5}"
EndProject
Global
	GlobalSection(SolutionConfigurationPlatforms) = preSolution
		Debug|Any CPU = Debug|Any CPU
		Release|Any CPU = Release|Any CPU
	EndGlobalSection
	GlobalSection(ProjectConfigurationPlatforms) = postSolution
		{A3E26A48-7730-4911-A572-94122FA4C74A}.Debug|Any CPU.ActiveCfg = Debug|Any CPU
		{A3E26A48-7730-4911-A572-94122FA4C74A}.Debug|Any CPU.Build.0 = Debug|Any CPU
		{A3E26A48-7730-4911-A572-94122FA4C74A}.Release|Any CPU.ActiveCfg = Release|Any CPU
		{A3E26A48-7730-4911-A572-94122FA4C74A}.Release|Any CPU.Build.0 = Release|Any CPU
		{79BB07DC-57C5-480A-A2CA-AD476ADFBF7C}.Debug|Any CPU.ActiveCfg = Debug|Any CPU
		{79BB07DC-57C5-480A-A2CA-AD476ADFBF7C}.Debug|Any CPU.Build.0 = Debug|Any CPU
		{79BB07DC-57C5-480A-A2CA-AD476ADFBF7C}.Release|Any CPU.ActiveCfg = Release|Any CPU
		{79BB07DC-57C5-480A-A2CA-AD476ADFBF7C}.Release|Any CPU.Build.0 = Release|Any CPU
		{BCB7978C-D465-4D2B-A2AD-669816DF5D5D}.Debug|Any CPU.ActiveCfg = Debug|Any CPU
		{BCB7978C-D465-4D2B-A2AD-669816DF5D5D}.Debug|Any CPU.Build.0 = Debug|Any CPU
		{BCB7978C-D465-4D2B-A2AD-669816DF5D5D}.Release|Any CPU.ActiveCfg = Release|Any CPU
		{BCB7978C-D465-4D2B-A2AD-669816DF5D5D}.Release|Any CPU.Build.0 = Release|Any CPU
		{566EECD1-57C1-409A-8181-B506AF7BA3B1}.Debug|Any CPU.ActiveCfg = Debug|Any CPU
		{566EECD1-57C1-409A-8181-B506AF7BA3B1}.Debug|Any CPU.Build.0 = Debug|Any CPU
		{566EECD1-57C1-409A-8181-B506AF7BA3B1}.Release|Any CPU.ActiveCfg = Release|Any CPU
		{566EECD1-57C1-409A-8181-B506AF7BA3B1}.Release|Any CPU.Build.0 = Release|Any CPU
		{9DC01382-7FFC-40D2-8563-352DB287B8C2}.Debug|Any CPU.ActiveCfg = Debug|Any CPU
		{9DC01382-7FFC-40D2-8563-352DB287B8C2}.Debug|Any CPU.Build.0 = Debug|Any CPU
		{9DC01382-7FFC-40D2-8563-352DB287B8C2}.Release|Any CPU.ActiveCfg = Release|Any CPU
		{9DC01382-7FFC-40D2-8563-352DB287B8C2}.Release|Any CPU.Build.0 = Release|Any CPU
		{ADC9FF16-A171-4175-82F9-9DC762AF8129}.Debug|Any CPU.ActiveCfg = Debug|Any CPU
		{ADC9FF16-A171-4175-82F9-9DC762AF8129}.Debug|Any CPU.Build.0 = Debug|Any CPU
		{ADC9FF16-A171-4175-82F9-9DC762AF8129}.Debug|Any CPU.Deploy.0 = Debug|Any CPU
		{ADC9FF16-A171-4175-82F9-9DC762AF8129}.Release|Any CPU.ActiveCfg = Release|Any CPU
		{ADC9FF16-A171-4175-82F9-9DC762AF8129}.Release|Any CPU.Build.0 = Release|Any CPU
		{ADC9FF16-A171-4175-82F9-9DC762AF8129}.Release|Any CPU.Deploy.0 = Release|Any CPU
		{9CF94458-35C0-4148-A5E6-534A26E7F56B}.Debug|Any CPU.ActiveCfg = Debug|Any CPU
		{9CF94458-35C0-4148-A5E6-534A26E7F56B}.Debug|Any CPU.Build.0 = Debug|Any CPU
		{9CF94458-35C0-4148-A5E6-534A26E7F56B}.Release|Any CPU.ActiveCfg = Release|Any CPU
		{9CF94458-35C0-4148-A5E6-534A26E7F56B}.Release|Any CPU.Build.0 = Release|Any CPU
		{477CE862-6D11-40BA-ABE1-AF8F0AD79A9F}.Debug|Any CPU.ActiveCfg = Debug|Any CPU
		{477CE862-6D11-40BA-ABE1-AF8F0AD79A9F}.Debug|Any CPU.Build.0 = Debug|Any CPU
		{477CE862-6D11-40BA-ABE1-AF8F0AD79A9F}.Release|Any CPU.ActiveCfg = Release|Any CPU
		{477CE862-6D11-40BA-ABE1-AF8F0AD79A9F}.Release|Any CPU.Build.0 = Release|Any CPU
		{F93D15BD-F611-43B3-8A88-BD7098F82844}.Debug|Any CPU.ActiveCfg = Debug|Any CPU
		{F93D15BD-F611-43B3-8A88-BD7098F82844}.Debug|Any CPU.Build.0 = Debug|Any CPU
		{F93D15BD-F611-43B3-8A88-BD7098F82844}.Release|Any CPU.ActiveCfg = Release|Any CPU
		{F93D15BD-F611-43B3-8A88-BD7098F82844}.Release|Any CPU.Build.0 = Release|Any CPU
		{C9D5B63A-97EF-4149-8082-547E0AD1C6A5}.Debug|Any CPU.ActiveCfg = Debug|Any CPU
		{C9D5B63A-97EF-4149-8082-547E0AD1C6A5}.Debug|Any CPU.Build.0 = Debug|Any CPU
		{C9D5B63A-97EF-4149-8082-547E0AD1C6A5}.Release|Any CPU.ActiveCfg = Release|Any CPU
		{C9D5B63A-97EF-4149-8082-547E0AD1C6A5}.Release|Any CPU.Build.0 = Release|Any CPU
	EndGlobalSection
	GlobalSection(SolutionProperties) = preSolution
		HideSolutionNode = FALSE
	EndGlobalSection
	GlobalSection(NestedProjects) = preSolution
		{A3E26A48-7730-4911-A572-94122FA4C74A} = {FDD8058E-6975-4BB4-AE82-D8126B23F9ED}
		{79BB07DC-57C5-480A-A2CA-AD476ADFBF7C} = {9797B1D8-D621-47F4-AF81-3FE9A9F75AE6}
		{BCB7978C-D465-4D2B-A2AD-669816DF5D5D} = {9797B1D8-D621-47F4-AF81-3FE9A9F75AE6}
		{566EECD1-57C1-409A-8181-B506AF7BA3B1} = {9797B1D8-D621-47F4-AF81-3FE9A9F75AE6}
		{9DC01382-7FFC-40D2-8563-352DB287B8C2} = {9797B1D8-D621-47F4-AF81-3FE9A9F75AE6}
		{ADC9FF16-A171-4175-82F9-9DC762AF8129} = {7E9C8FC7-A38E-404A-ABB1-0E68592F9F58}
		{9CF94458-35C0-4148-A5E6-534A26E7F56B} = {FD82E135-583B-4D38-BF51-DF787952B4E3}
		{477CE862-6D11-40BA-ABE1-AF8F0AD79A9F} = {7E9C8FC7-A38E-404A-ABB1-0E68592F9F58}
		{F93D15BD-F611-43B3-8A88-BD7098F82844} = {9797B1D8-D621-47F4-AF81-3FE9A9F75AE6}
		{C9D5B63A-97EF-4149-8082-547E0AD1C6A5} = {FDD8058E-6975-4BB4-AE82-D8126B23F9ED}
	EndGlobalSection
	GlobalSection(ExtensibilityGlobals) = postSolution
		SolutionGuid = {A9DFD39C-CEA4-4C1E-AE9A-4F3218C607B5}
	EndGlobalSection
EndGlobal
